// !$*UTF8*$!
{
	archiveVersion = 1;
	classes = {
	};
	objectVersion = 56;
	objects = {

/* Begin PBXBuildFile section */
		4028FB948044D6DDA12E59C8 /* Pods_Flix_FlixUITests.framework in Frameworks */ = {isa = PBXBuildFile; fileRef = 82C1E26216E3F634913D0918 /* Pods_Flix_FlixUITests.framework */; };
		7685D1CB48EDF230D2E9EFB0 /* Pods_FlixTests.framework in Frameworks */ = {isa = PBXBuildFile; fileRef = 32612EF2A0A62F5B4D44001C /* Pods_FlixTests.framework */; };
		AFE4C78553E7E814CA4CC180 /* Pods_Flix.framework in Frameworks */ = {isa = PBXBuildFile; fileRef = 93E1739FC17993FC3E56F48C /* Pods_Flix.framework */; };
		C801935D28D2AFC400DD4F77 /* AppDelegate.swift in Sources */ = {isa = PBXBuildFile; fileRef = C801935C28D2AFC400DD4F77 /* AppDelegate.swift */; };
		C801935F28D2AFC400DD4F77 /* SceneDelegate.swift in Sources */ = {isa = PBXBuildFile; fileRef = C801935E28D2AFC400DD4F77 /* SceneDelegate.swift */; };
		C801936428D2AFC400DD4F77 /* Main.storyboard in Resources */ = {isa = PBXBuildFile; fileRef = C801936228D2AFC400DD4F77 /* Main.storyboard */; };
		C801936628D2AFC500DD4F77 /* Assets.xcassets in Resources */ = {isa = PBXBuildFile; fileRef = C801936528D2AFC500DD4F77 /* Assets.xcassets */; };
		C801936928D2AFC500DD4F77 /* LaunchScreen.storyboard in Resources */ = {isa = PBXBuildFile; fileRef = C801936728D2AFC500DD4F77 /* LaunchScreen.storyboard */; };
		C801937428D2AFC500DD4F77 /* FlixTests.swift in Sources */ = {isa = PBXBuildFile; fileRef = C801937328D2AFC500DD4F77 /* FlixTests.swift */; };
		C801937E28D2AFC500DD4F77 /* FlixUITests.swift in Sources */ = {isa = PBXBuildFile; fileRef = C801937D28D2AFC500DD4F77 /* FlixUITests.swift */; };
		C801938028D2AFC500DD4F77 /* FlixUITestsLaunchTests.swift in Sources */ = {isa = PBXBuildFile; fileRef = C801937F28D2AFC500DD4F77 /* FlixUITestsLaunchTests.swift */; };
		C801939228D3F8A700DD4F77 /* AlamofireImage in Frameworks */ = {isa = PBXBuildFile; productRef = C801939128D3F8A700DD4F77 /* AlamofireImage */; };
		C801939A28D4194F00DD4F77 /* MoviesViewController.swift in Sources */ = {isa = PBXBuildFile; fileRef = C801939928D4194F00DD4F77 /* MoviesViewController.swift */; };
		C801939C28D4231800DD4F77 /* MovieCell.swift in Sources */ = {isa = PBXBuildFile; fileRef = C801939B28D4231700DD4F77 /* MovieCell.swift */; };
		C833DA8F28DC07820029F158 /* MovieDetailsViewController.swift in Sources */ = {isa = PBXBuildFile; fileRef = C833DA8E28DC07820029F158 /* MovieDetailsViewController.swift */; };
		C833DA9328DD2DD10029F158 /* MovieGridViewController.swift in Sources */ = {isa = PBXBuildFile; fileRef = C833DA9228DD2DD10029F158 /* MovieGridViewController.swift */; };
		C833DA9528DD318C0029F158 /* MovieGridCell.swift in Sources */ = {isa = PBXBuildFile; fileRef = C833DA9428DD318C0029F158 /* MovieGridCell.swift */; };
/* End PBXBuildFile section */

/* Begin PBXContainerItemProxy section */
		C801937028D2AFC500DD4F77 /* PBXContainerItemProxy */ = {
			isa = PBXContainerItemProxy;
			containerPortal = C801935128D2AFC400DD4F77 /* Project object */;
			proxyType = 1;
			remoteGlobalIDString = C801935828D2AFC400DD4F77;
			remoteInfo = Flix;
		};
		C801937A28D2AFC500DD4F77 /* PBXContainerItemProxy */ = {
			isa = PBXContainerItemProxy;
			containerPortal = C801935128D2AFC400DD4F77 /* Project object */;
			proxyType = 1;
			remoteGlobalIDString = C801935828D2AFC400DD4F77;
			remoteInfo = Flix;
		};
/* End PBXContainerItemProxy section */

/* Begin PBXFileReference section */
		0BC9D0FE0C1449C0AD2EAA93 /* Pods-FlixTests.release.xcconfig */ = {isa = PBXFileReference; includeInIndex = 1; lastKnownFileType = text.xcconfig; name = "Pods-FlixTests.release.xcconfig"; path = "Target Support Files/Pods-FlixTests/Pods-FlixTests.release.xcconfig"; sourceTree = "<group>"; };
		32612EF2A0A62F5B4D44001C /* Pods_FlixTests.framework */ = {isa = PBXFileReference; explicitFileType = wrapper.framework; includeInIndex = 0; path = Pods_FlixTests.framework; sourceTree = BUILT_PRODUCTS_DIR; };
		4B1D5CAEF9AFA5E1852D0C42 /* Pods-Flix.debug.xcconfig */ = {isa = PBXFileReference; includeInIndex = 1; lastKnownFileType = text.xcconfig; name = "Pods-Flix.debug.xcconfig"; path = "Target Support Files/Pods-Flix/Pods-Flix.debug.xcconfig"; sourceTree = "<group>"; };
		56462D10D6B44875A3CD74EE /* Pods-Flix-FlixUITests.release.xcconfig */ = {isa = PBXFileReference; includeInIndex = 1; lastKnownFileType = text.xcconfig; name = "Pods-Flix-FlixUITests.release.xcconfig"; path = "Target Support Files/Pods-Flix-FlixUITests/Pods-Flix-FlixUITests.release.xcconfig"; sourceTree = "<group>"; };
		67A87FCACBD020657E7181D5 /* Pods-FlixTests.debug.xcconfig */ = {isa = PBXFileReference; includeInIndex = 1; lastKnownFileType = text.xcconfig; name = "Pods-FlixTests.debug.xcconfig"; path = "Target Support Files/Pods-FlixTests/Pods-FlixTests.debug.xcconfig"; sourceTree = "<group>"; };
		801B45C94F6638B8195AEDB9 /* Pods-Flix-FlixUITests.debug.xcconfig */ = {isa = PBXFileReference; includeInIndex = 1; lastKnownFileType = text.xcconfig; name = "Pods-Flix-FlixUITests.debug.xcconfig"; path = "Target Support Files/Pods-Flix-FlixUITests/Pods-Flix-FlixUITests.debug.xcconfig"; sourceTree = "<group>"; };
		82C1E26216E3F634913D0918 /* Pods_Flix_FlixUITests.framework */ = {isa = PBXFileReference; explicitFileType = wrapper.framework; includeInIndex = 0; path = Pods_Flix_FlixUITests.framework; sourceTree = BUILT_PRODUCTS_DIR; };
		93E1739FC17993FC3E56F48C /* Pods_Flix.framework */ = {isa = PBXFileReference; explicitFileType = wrapper.framework; includeInIndex = 0; path = Pods_Flix.framework; sourceTree = BUILT_PRODUCTS_DIR; };
		C801935928D2AFC400DD4F77 /* Flix.app */ = {isa = PBXFileReference; explicitFileType = wrapper.application; includeInIndex = 0; path = Flix.app; sourceTree = BUILT_PRODUCTS_DIR; };
		C801935C28D2AFC400DD4F77 /* AppDelegate.swift */ = {isa = PBXFileReference; lastKnownFileType = sourcecode.swift; path = AppDelegate.swift; sourceTree = "<group>"; };
		C801935E28D2AFC400DD4F77 /* SceneDelegate.swift */ = {isa = PBXFileReference; lastKnownFileType = sourcecode.swift; path = SceneDelegate.swift; sourceTree = "<group>"; };
		C801936328D2AFC400DD4F77 /* Base */ = {isa = PBXFileReference; lastKnownFileType = file.storyboard; name = Base; path = Base.lproj/Main.storyboard; sourceTree = "<group>"; };
		C801936528D2AFC500DD4F77 /* Assets.xcassets */ = {isa = PBXFileReference; lastKnownFileType = folder.assetcatalog; path = Assets.xcassets; sourceTree = "<group>"; };
		C801936828D2AFC500DD4F77 /* Base */ = {isa = PBXFileReference; lastKnownFileType = file.storyboard; name = Base; path = Base.lproj/LaunchScreen.storyboard; sourceTree = "<group>"; };
		C801936A28D2AFC500DD4F77 /* Info.plist */ = {isa = PBXFileReference; lastKnownFileType = text.plist.xml; path = Info.plist; sourceTree = "<group>"; };
		C801936F28D2AFC500DD4F77 /* FlixTests.xctest */ = {isa = PBXFileReference; explicitFileType = wrapper.cfbundle; includeInIndex = 0; path = FlixTests.xctest; sourceTree = BUILT_PRODUCTS_DIR; };
		C801937328D2AFC500DD4F77 /* FlixTests.swift */ = {isa = PBXFileReference; lastKnownFileType = sourcecode.swift; path = FlixTests.swift; sourceTree = "<group>"; };
		C801937928D2AFC500DD4F77 /* FlixUITests.xctest */ = {isa = PBXFileReference; explicitFileType = wrapper.cfbundle; includeInIndex = 0; path = FlixUITests.xctest; sourceTree = BUILT_PRODUCTS_DIR; };
		C801937D28D2AFC500DD4F77 /* FlixUITests.swift */ = {isa = PBXFileReference; lastKnownFileType = sourcecode.swift; path = FlixUITests.swift; sourceTree = "<group>"; };
		C801937F28D2AFC500DD4F77 /* FlixUITestsLaunchTests.swift */ = {isa = PBXFileReference; lastKnownFileType = sourcecode.swift; path = FlixUITestsLaunchTests.swift; sourceTree = "<group>"; };
		C801939928D4194F00DD4F77 /* MoviesViewController.swift */ = {isa = PBXFileReference; lastKnownFileType = sourcecode.swift; path = MoviesViewController.swift; sourceTree = "<group>"; };
		C801939B28D4231700DD4F77 /* MovieCell.swift */ = {isa = PBXFileReference; lastKnownFileType = sourcecode.swift; path = MovieCell.swift; sourceTree = "<group>"; };
		C833DA8E28DC07820029F158 /* MovieDetailsViewController.swift */ = {isa = PBXFileReference; lastKnownFileType = sourcecode.swift; path = MovieDetailsViewController.swift; sourceTree = "<group>"; };
		C833DA9228DD2DD10029F158 /* MovieGridViewController.swift */ = {isa = PBXFileReference; lastKnownFileType = sourcecode.swift; path = MovieGridViewController.swift; sourceTree = "<group>"; };
		C833DA9428DD318C0029F158 /* MovieGridCell.swift */ = {isa = PBXFileReference; lastKnownFileType = sourcecode.swift; path = MovieGridCell.swift; sourceTree = "<group>"; };
		DD238A6C584CFC27DAE6F8FD /* Pods-Flix.release.xcconfig */ = {isa = PBXFileReference; includeInIndex = 1; lastKnownFileType = text.xcconfig; name = "Pods-Flix.release.xcconfig"; path = "Target Support Files/Pods-Flix/Pods-Flix.release.xcconfig"; sourceTree = "<group>"; };
/* End PBXFileReference section */

/* Begin PBXFrameworksBuildPhase section */
		C801935628D2AFC400DD4F77 /* Frameworks */ = {
			isa = PBXFrameworksBuildPhase;
			buildActionMask = 2147483647;
			files = (
				C801939228D3F8A700DD4F77 /* AlamofireImage in Frameworks */,
				AFE4C78553E7E814CA4CC180 /* Pods_Flix.framework in Frameworks */,
			);
			runOnlyForDeploymentPostprocessing = 0;
		};
		C801936C28D2AFC500DD4F77 /* Frameworks */ = {
			isa = PBXFrameworksBuildPhase;
			buildActionMask = 2147483647;
			files = (
				7685D1CB48EDF230D2E9EFB0 /* Pods_FlixTests.framework in Frameworks */,
			);
			runOnlyForDeploymentPostprocessing = 0;
		};
		C801937628D2AFC500DD4F77 /* Frameworks */ = {
			isa = PBXFrameworksBuildPhase;
			buildActionMask = 2147483647;
			files = (
				4028FB948044D6DDA12E59C8 /* Pods_Flix_FlixUITests.framework in Frameworks */,
			);
			runOnlyForDeploymentPostprocessing = 0;
		};
/* End PBXFrameworksBuildPhase section */

/* Begin PBXGroup section */
		00CE9B999FF86D5E45B8094B /* Pods */ = {
			isa = PBXGroup;
			children = (
				4B1D5CAEF9AFA5E1852D0C42 /* Pods-Flix.debug.xcconfig */,
				DD238A6C584CFC27DAE6F8FD /* Pods-Flix.release.xcconfig */,
				801B45C94F6638B8195AEDB9 /* Pods-Flix-FlixUITests.debug.xcconfig */,
				56462D10D6B44875A3CD74EE /* Pods-Flix-FlixUITests.release.xcconfig */,
				67A87FCACBD020657E7181D5 /* Pods-FlixTests.debug.xcconfig */,
				0BC9D0FE0C1449C0AD2EAA93 /* Pods-FlixTests.release.xcconfig */,
			);
			path = Pods;
			sourceTree = "<group>";
		};
		C2003B9D1EB5E5C871982E37 /* Frameworks */ = {
			isa = PBXGroup;
			children = (
				93E1739FC17993FC3E56F48C /* Pods_Flix.framework */,
				82C1E26216E3F634913D0918 /* Pods_Flix_FlixUITests.framework */,
				32612EF2A0A62F5B4D44001C /* Pods_FlixTests.framework */,
			);
			name = Frameworks;
			sourceTree = "<group>";
		};
		C801935028D2AFC400DD4F77 = {
			isa = PBXGroup;
			children = (
				C801935B28D2AFC400DD4F77 /* Flix */,
				C801937228D2AFC500DD4F77 /* FlixTests */,
				C801937C28D2AFC500DD4F77 /* FlixUITests */,
				C801935A28D2AFC400DD4F77 /* Products */,
				00CE9B999FF86D5E45B8094B /* Pods */,
				C2003B9D1EB5E5C871982E37 /* Frameworks */,
			);
			sourceTree = "<group>";
		};
		C801935A28D2AFC400DD4F77 /* Products */ = {
			isa = PBXGroup;
			children = (
				C801935928D2AFC400DD4F77 /* Flix.app */,
				C801936F28D2AFC500DD4F77 /* FlixTests.xctest */,
				C801937928D2AFC500DD4F77 /* FlixUITests.xctest */,
			);
			name = Products;
			sourceTree = "<group>";
		};
		C801935B28D2AFC400DD4F77 /* Flix */ = {
			isa = PBXGroup;
			children = (
				C801935C28D2AFC400DD4F77 /* AppDelegate.swift */,
				C801935E28D2AFC400DD4F77 /* SceneDelegate.swift */,
				C801936228D2AFC400DD4F77 /* Main.storyboard */,
				C833DA8E28DC07820029F158 /* MovieDetailsViewController.swift */,
				C801936528D2AFC500DD4F77 /* Assets.xcassets */,
				C801939928D4194F00DD4F77 /* MoviesViewController.swift */,
				C801939B28D4231700DD4F77 /* MovieCell.swift */,
				C801936728D2AFC500DD4F77 /* LaunchScreen.storyboard */,
				C801936A28D2AFC500DD4F77 /* Info.plist */,
				C833DA9228DD2DD10029F158 /* MovieGridViewController.swift */,
				C833DA9428DD318C0029F158 /* MovieGridCell.swift */,
			);
			path = Flix;
			sourceTree = "<group>";
		};
		C801937228D2AFC500DD4F77 /* FlixTests */ = {
			isa = PBXGroup;
			children = (
				C801937328D2AFC500DD4F77 /* FlixTests.swift */,
			);
			path = FlixTests;
			sourceTree = "<group>";
		};
		C801937C28D2AFC500DD4F77 /* FlixUITests */ = {
			isa = PBXGroup;
			children = (
				C801937D28D2AFC500DD4F77 /* FlixUITests.swift */,
				C801937F28D2AFC500DD4F77 /* FlixUITestsLaunchTests.swift */,
			);
			path = FlixUITests;
			sourceTree = "<group>";
		};
/* End PBXGroup section */

/* Begin PBXNativeTarget section */
		C801935828D2AFC400DD4F77 /* Flix */ = {
			isa = PBXNativeTarget;
			buildConfigurationList = C801938328D2AFC500DD4F77 /* Build configuration list for PBXNativeTarget "Flix" */;
			buildPhases = (
				31C953FF417C2FE5C83157FE /* [CP] Check Pods Manifest.lock */,
				C801935528D2AFC400DD4F77 /* Sources */,
				C801935628D2AFC400DD4F77 /* Frameworks */,
				C801935728D2AFC400DD4F77 /* Resources */,
				EE2081893344C238739A4320 /* [CP] Embed Pods Frameworks */,
			);
			buildRules = (
			);
			dependencies = (
			);
			name = Flix;
			packageProductDependencies = (
				C801939128D3F8A700DD4F77 /* AlamofireImage */,
			);
			productName = Flix;
			productReference = C801935928D2AFC400DD4F77 /* Flix.app */;
			productType = "com.apple.product-type.application";
		};
		C801936E28D2AFC500DD4F77 /* FlixTests */ = {
			isa = PBXNativeTarget;
			buildConfigurationList = C801938628D2AFC500DD4F77 /* Build configuration list for PBXNativeTarget "FlixTests" */;
			buildPhases = (
				D8164F94CFAA24F371D1CC05 /* [CP] Check Pods Manifest.lock */,
				C801936B28D2AFC500DD4F77 /* Sources */,
				C801936C28D2AFC500DD4F77 /* Frameworks */,
				C801936D28D2AFC500DD4F77 /* Resources */,
			);
			buildRules = (
			);
			dependencies = (
				C801937128D2AFC500DD4F77 /* PBXTargetDependency */,
			);
			name = FlixTests;
			productName = FlixTests;
			productReference = C801936F28D2AFC500DD4F77 /* FlixTests.xctest */;
			productType = "com.apple.product-type.bundle.unit-test";
		};
		C801937828D2AFC500DD4F77 /* FlixUITests */ = {
			isa = PBXNativeTarget;
			buildConfigurationList = C801938928D2AFC500DD4F77 /* Build configuration list for PBXNativeTarget "FlixUITests" */;
			buildPhases = (
				E71C885B84A7B4293CBE33CE /* [CP] Check Pods Manifest.lock */,
				C801937528D2AFC500DD4F77 /* Sources */,
				C801937628D2AFC500DD4F77 /* Frameworks */,
				C801937728D2AFC500DD4F77 /* Resources */,
				38EA08CD1B5CD03D04832789 /* [CP] Embed Pods Frameworks */,
			);
			buildRules = (
			);
			dependencies = (
				C801937B28D2AFC500DD4F77 /* PBXTargetDependency */,
			);
			name = FlixUITests;
			productName = FlixUITests;
			productReference = C801937928D2AFC500DD4F77 /* FlixUITests.xctest */;
			productType = "com.apple.product-type.bundle.ui-testing";
		};
/* End PBXNativeTarget section */

/* Begin PBXProject section */
		C801935128D2AFC400DD4F77 /* Project object */ = {
			isa = PBXProject;
			attributes = {
				BuildIndependentTargetsInParallel = 1;
				LastSwiftUpdateCheck = 1400;
				LastUpgradeCheck = 1400;
				TargetAttributes = {
					C801935828D2AFC400DD4F77 = {
						CreatedOnToolsVersion = 14.0;
					};
					C801936E28D2AFC500DD4F77 = {
						CreatedOnToolsVersion = 14.0;
						TestTargetID = C801935828D2AFC400DD4F77;
					};
					C801937828D2AFC500DD4F77 = {
						CreatedOnToolsVersion = 14.0;
						TestTargetID = C801935828D2AFC400DD4F77;
					};
				};
			};
			buildConfigurationList = C801935428D2AFC400DD4F77 /* Build configuration list for PBXProject "Flix" */;
			compatibilityVersion = "Xcode 14.0";
			developmentRegion = en;
			hasScannedForEncodings = 0;
			knownRegions = (
				en,
				Base,
			);
			mainGroup = C801935028D2AFC400DD4F77;
			packageReferences = (
				C801939028D3F8A700DD4F77 /* XCRemoteSwiftPackageReference "AlamofireImage" */,
			);
			productRefGroup = C801935A28D2AFC400DD4F77 /* Products */;
			projectDirPath = "";
			projectRoot = "";
			targets = (
				C801935828D2AFC400DD4F77 /* Flix */,
				C801936E28D2AFC500DD4F77 /* FlixTests */,
				C801937828D2AFC500DD4F77 /* FlixUITests */,
			);
		};
/* End PBXProject section */

/* Begin PBXResourcesBuildPhase section */
		C801935728D2AFC400DD4F77 /* Resources */ = {
			isa = PBXResourcesBuildPhase;
			buildActionMask = 2147483647;
			files = (
				C801936928D2AFC500DD4F77 /* LaunchScreen.storyboard in Resources */,
				C801936628D2AFC500DD4F77 /* Assets.xcassets in Resources */,
				C801936428D2AFC400DD4F77 /* Main.storyboard in Resources */,
			);
			runOnlyForDeploymentPostprocessing = 0;
		};
		C801936D28D2AFC500DD4F77 /* Resources */ = {
			isa = PBXResourcesBuildPhase;
			buildActionMask = 2147483647;
			files = (
			);
			runOnlyForDeploymentPostprocessing = 0;
		};
		C801937728D2AFC500DD4F77 /* Resources */ = {
			isa = PBXResourcesBuildPhase;
			buildActionMask = 2147483647;
			files = (
			);
			runOnlyForDeploymentPostprocessing = 0;
		};
/* End PBXResourcesBuildPhase section */

/* Begin PBXShellScriptBuildPhase section */
		31C953FF417C2FE5C83157FE /* [CP] Check Pods Manifest.lock */ = {
			isa = PBXShellScriptBuildPhase;
			buildActionMask = 2147483647;
			files = (
			);
			inputFileListPaths = (
			);
			inputPaths = (
				"${PODS_PODFILE_DIR_PATH}/Podfile.lock",
				"${PODS_ROOT}/Manifest.lock",
			);
			name = "[CP] Check Pods Manifest.lock";
			outputFileListPaths = (
			);
			outputPaths = (
				"$(DERIVED_FILE_DIR)/Pods-Flix-checkManifestLockResult.txt",
			);
			runOnlyForDeploymentPostprocessing = 0;
			shellPath = /bin/sh;
			shellScript = "diff \"${PODS_PODFILE_DIR_PATH}/Podfile.lock\" \"${PODS_ROOT}/Manifest.lock\" > /dev/null\nif [ $? != 0 ] ; then\n    # print error to STDERR\n    echo \"error: The sandbox is not in sync with the Podfile.lock. Run 'pod install' or update your CocoaPods installation.\" >&2\n    exit 1\nfi\n# This output is used by Xcode 'outputs' to avoid re-running this script phase.\necho \"SUCCESS\" > \"${SCRIPT_OUTPUT_FILE_0}\"\n";
			showEnvVarsInLog = 0;
		};
		38EA08CD1B5CD03D04832789 /* [CP] Embed Pods Frameworks */ = {
			isa = PBXShellScriptBuildPhase;
			buildActionMask = 2147483647;
			files = (
			);
			inputFileListPaths = (
				"${PODS_ROOT}/Target Support Files/Pods-Flix-FlixUITests/Pods-Flix-FlixUITests-frameworks-${CONFIGURATION}-input-files.xcfilelist",
			);
			name = "[CP] Embed Pods Frameworks";
			outputFileListPaths = (
				"${PODS_ROOT}/Target Support Files/Pods-Flix-FlixUITests/Pods-Flix-FlixUITests-frameworks-${CONFIGURATION}-output-files.xcfilelist",
			);
			runOnlyForDeploymentPostprocessing = 0;
			shellPath = /bin/sh;
			shellScript = "\"${PODS_ROOT}/Target Support Files/Pods-Flix-FlixUITests/Pods-Flix-FlixUITests-frameworks.sh\"\n";
			showEnvVarsInLog = 0;
		};
		D8164F94CFAA24F371D1CC05 /* [CP] Check Pods Manifest.lock */ = {
			isa = PBXShellScriptBuildPhase;
			buildActionMask = 2147483647;
			files = (
			);
			inputFileListPaths = (
			);
			inputPaths = (
				"${PODS_PODFILE_DIR_PATH}/Podfile.lock",
				"${PODS_ROOT}/Manifest.lock",
			);
			name = "[CP] Check Pods Manifest.lock";
			outputFileListPaths = (
			);
			outputPaths = (
				"$(DERIVED_FILE_DIR)/Pods-FlixTests-checkManifestLockResult.txt",
			);
			runOnlyForDeploymentPostprocessing = 0;
			shellPath = /bin/sh;
			shellScript = "diff \"${PODS_PODFILE_DIR_PATH}/Podfile.lock\" \"${PODS_ROOT}/Manifest.lock\" > /dev/null\nif [ $? != 0 ] ; then\n    # print error to STDERR\n    echo \"error: The sandbox is not in sync with the Podfile.lock. Run 'pod install' or update your CocoaPods installation.\" >&2\n    exit 1\nfi\n# This output is used by Xcode 'outputs' to avoid re-running this script phase.\necho \"SUCCESS\" > \"${SCRIPT_OUTPUT_FILE_0}\"\n";
			showEnvVarsInLog = 0;
		};
		E71C885B84A7B4293CBE33CE /* [CP] Check Pods Manifest.lock */ = {
			isa = PBXShellScriptBuildPhase;
			buildActionMask = 2147483647;
			files = (
			);
			inputFileListPaths = (
			);
			inputPaths = (
				"${PODS_PODFILE_DIR_PATH}/Podfile.lock",
				"${PODS_ROOT}/Manifest.lock",
			);
			name = "[CP] Check Pods Manifest.lock";
			outputFileListPaths = (
			);
			outputPaths = (
				"$(DERIVED_FILE_DIR)/Pods-Flix-FlixUITests-checkManifestLockResult.txt",
			);
			runOnlyForDeploymentPostprocessing = 0;
			shellPath = /bin/sh;
			shellScript = "diff \"${PODS_PODFILE_DIR_PATH}/Podfile.lock\" \"${PODS_ROOT}/Manifest.lock\" > /dev/null\nif [ $? != 0 ] ; then\n    # print error to STDERR\n    echo \"error: The sandbox is not in sync with the Podfile.lock. Run 'pod install' or update your CocoaPods installation.\" >&2\n    exit 1\nfi\n# This output is used by Xcode 'outputs' to avoid re-running this script phase.\necho \"SUCCESS\" > \"${SCRIPT_OUTPUT_FILE_0}\"\n";
			showEnvVarsInLog = 0;
		};
		EE2081893344C238739A4320 /* [CP] Embed Pods Frameworks */ = {
			isa = PBXShellScriptBuildPhase;
			buildActionMask = 2147483647;
			files = (
			);
			inputFileListPaths = (
				"${PODS_ROOT}/Target Support Files/Pods-Flix/Pods-Flix-frameworks-${CONFIGURATION}-input-files.xcfilelist",
			);
			name = "[CP] Embed Pods Frameworks";
			outputFileListPaths = (
				"${PODS_ROOT}/Target Support Files/Pods-Flix/Pods-Flix-frameworks-${CONFIGURATION}-output-files.xcfilelist",
			);
			runOnlyForDeploymentPostprocessing = 0;
			shellPath = /bin/sh;
			shellScript = "\"${PODS_ROOT}/Target Support Files/Pods-Flix/Pods-Flix-frameworks.sh\"\n";
			showEnvVarsInLog = 0;
		};
/* End PBXShellScriptBuildPhase section */

/* Begin PBXSourcesBuildPhase section */
		C801935528D2AFC400DD4F77 /* Sources */ = {
			isa = PBXSourcesBuildPhase;
			buildActionMask = 2147483647;
			files = (
				C833DA8F28DC07820029F158 /* MovieDetailsViewController.swift in Sources */,
				C801935D28D2AFC400DD4F77 /* AppDelegate.swift in Sources */,
				C801935F28D2AFC400DD4F77 /* SceneDelegate.swift in Sources */,
				C801939C28D4231800DD4F77 /* MovieCell.swift in Sources */,
				C801939A28D4194F00DD4F77 /* MoviesViewController.swift in Sources */,
				C833DA9328DD2DD10029F158 /* MovieGridViewController.swift in Sources */,
				C833DA9528DD318C0029F158 /* MovieGridCell.swift in Sources */,
			);
			runOnlyForDeploymentPostprocessing = 0;
		};
		C801936B28D2AFC500DD4F77 /* Sources */ = {
			isa = PBXSourcesBuildPhase;
			buildActionMask = 2147483647;
			files = (
				C801937428D2AFC500DD4F77 /* FlixTests.swift in Sources */,
			);
			runOnlyForDeploymentPostprocessing = 0;
		};
		C801937528D2AFC500DD4F77 /* Sources */ = {
			isa = PBXSourcesBuildPhase;
			buildActionMask = 2147483647;
			files = (
				C801937E28D2AFC500DD4F77 /* FlixUITests.swift in Sources */,
				C801938028D2AFC500DD4F77 /* FlixUITestsLaunchTests.swift in Sources */,
			);
			runOnlyForDeploymentPostprocessing = 0;
		};
/* End PBXSourcesBuildPhase section */

/* Begin PBXTargetDependency section */
		C801937128D2AFC500DD4F77 /* PBXTargetDependency */ = {
			isa = PBXTargetDependency;
			target = C801935828D2AFC400DD4F77 /* Flix */;
			targetProxy = C801937028D2AFC500DD4F77 /* PBXContainerItemProxy */;
		};
		C801937B28D2AFC500DD4F77 /* PBXTargetDependency */ = {
			isa = PBXTargetDependency;
			target = C801935828D2AFC400DD4F77 /* Flix */;
			targetProxy = C801937A28D2AFC500DD4F77 /* PBXContainerItemProxy */;
		};
/* End PBXTargetDependency section */

/* Begin PBXVariantGroup section */
		C801936228D2AFC400DD4F77 /* Main.storyboard */ = {
			isa = PBXVariantGroup;
			children = (
				C801936328D2AFC400DD4F77 /* Base */,
			);
			name = Main.storyboard;
			sourceTree = "<group>";
		};
		C801936728D2AFC500DD4F77 /* LaunchScreen.storyboard */ = {
			isa = PBXVariantGroup;
			children = (
				C801936828D2AFC500DD4F77 /* Base */,
			);
			name = LaunchScreen.storyboard;
			sourceTree = "<group>";
		};
/* End PBXVariantGroup section */

/* Begin XCBuildConfiguration section */
		C801938128D2AFC500DD4F77 /* Debug */ = {
			isa = XCBuildConfiguration;
			buildSettings = {
				ALWAYS_SEARCH_USER_PATHS = NO;
				CLANG_ANALYZER_NONNULL = YES;
				CLANG_ANALYZER_NUMBER_OBJECT_CONVERSION = YES_AGGRESSIVE;
				CLANG_CXX_LANGUAGE_STANDARD = "gnu++20";
				CLANG_ENABLE_MODULES = YES;
				CLANG_ENABLE_OBJC_ARC = YES;
				CLANG_ENABLE_OBJC_WEAK = YES;
				CLANG_WARN_BLOCK_CAPTURE_AUTORELEASING = YES;
				CLANG_WARN_BOOL_CONVERSION = YES;
				CLANG_WARN_COMMA = YES;
				CLANG_WARN_CONSTANT_CONVERSION = YES;
				CLANG_WARN_DEPRECATED_OBJC_IMPLEMENTATIONS = YES;
				CLANG_WARN_DIRECT_OBJC_ISA_USAGE = YES_ERROR;
				CLANG_WARN_DOCUMENTATION_COMMENTS = YES;
				CLANG_WARN_EMPTY_BODY = YES;
				CLANG_WARN_ENUM_CONVERSION = YES;
				CLANG_WARN_INFINITE_RECURSION = YES;
				CLANG_WARN_INT_CONVERSION = YES;
				CLANG_WARN_NON_LITERAL_NULL_CONVERSION = YES;
				CLANG_WARN_OBJC_IMPLICIT_RETAIN_SELF = YES;
				CLANG_WARN_OBJC_LITERAL_CONVERSION = YES;
				CLANG_WARN_OBJC_ROOT_CLASS = YES_ERROR;
				CLANG_WARN_QUOTED_INCLUDE_IN_FRAMEWORK_HEADER = YES;
				CLANG_WARN_RANGE_LOOP_ANALYSIS = YES;
				CLANG_WARN_STRICT_PROTOTYPES = YES;
				CLANG_WARN_SUSPICIOUS_MOVE = YES;
				CLANG_WARN_UNGUARDED_AVAILABILITY = YES_AGGRESSIVE;
				CLANG_WARN_UNREACHABLE_CODE = YES;
				CLANG_WARN__DUPLICATE_METHOD_MATCH = YES;
				COPY_PHASE_STRIP = NO;
				DEBUG_INFORMATION_FORMAT = dwarf;
				ENABLE_STRICT_OBJC_MSGSEND = YES;
				ENABLE_TESTABILITY = YES;
				GCC_C_LANGUAGE_STANDARD = gnu11;
				GCC_DYNAMIC_NO_PIC = NO;
				GCC_NO_COMMON_BLOCKS = YES;
				GCC_OPTIMIZATION_LEVEL = 0;
				GCC_PREPROCESSOR_DEFINITIONS = (
					"DEBUG=1",
					"$(inherited)",
				);
				GCC_WARN_64_TO_32_BIT_CONVERSION = YES;
				GCC_WARN_ABOUT_RETURN_TYPE = YES_ERROR;
				GCC_WARN_UNDECLARED_SELECTOR = YES;
				GCC_WARN_UNINITIALIZED_AUTOS = YES_AGGRESSIVE;
				GCC_WARN_UNUSED_FUNCTION = YES;
				GCC_WARN_UNUSED_VARIABLE = YES;
				IPHONEOS_DEPLOYMENT_TARGET = 16.0;
				MTL_ENABLE_DEBUG_INFO = INCLUDE_SOURCE;
				MTL_FAST_MATH = YES;
				ONLY_ACTIVE_ARCH = YES;
				SDKROOT = iphoneos;
				SWIFT_ACTIVE_COMPILATION_CONDITIONS = DEBUG;
				SWIFT_OPTIMIZATION_LEVEL = "-Onone";
			};
			name = Debug;
		};
		C801938228D2AFC500DD4F77 /* Release */ = {
			isa = XCBuildConfiguration;
			buildSettings = {
				ALWAYS_SEARCH_USER_PATHS = NO;
				CLANG_ANALYZER_NONNULL = YES;
				CLANG_ANALYZER_NUMBER_OBJECT_CONVERSION = YES_AGGRESSIVE;
				CLANG_CXX_LANGUAGE_STANDARD = "gnu++20";
				CLANG_ENABLE_MODULES = YES;
				CLANG_ENABLE_OBJC_ARC = YES;
				CLANG_ENABLE_OBJC_WEAK = YES;
				CLANG_WARN_BLOCK_CAPTURE_AUTORELEASING = YES;
				CLANG_WARN_BOOL_CONVERSION = YES;
				CLANG_WARN_COMMA = YES;
				CLANG_WARN_CONSTANT_CONVERSION = YES;
				CLANG_WARN_DEPRECATED_OBJC_IMPLEMENTATIONS = YES;
				CLANG_WARN_DIRECT_OBJC_ISA_USAGE = YES_ERROR;
				CLANG_WARN_DOCUMENTATION_COMMENTS = YES;
				CLANG_WARN_EMPTY_BODY = YES;
				CLANG_WARN_ENUM_CONVERSION = YES;
				CLANG_WARN_INFINITE_RECURSION = YES;
				CLANG_WARN_INT_CONVERSION = YES;
				CLANG_WARN_NON_LITERAL_NULL_CONVERSION = YES;
				CLANG_WARN_OBJC_IMPLICIT_RETAIN_SELF = YES;
				CLANG_WARN_OBJC_LITERAL_CONVERSION = YES;
				CLANG_WARN_OBJC_ROOT_CLASS = YES_ERROR;
				CLANG_WARN_QUOTED_INCLUDE_IN_FRAMEWORK_HEADER = YES;
				CLANG_WARN_RANGE_LOOP_ANALYSIS = YES;
				CLANG_WARN_STRICT_PROTOTYPES = YES;
				CLANG_WARN_SUSPICIOUS_MOVE = YES;
				CLANG_WARN_UNGUARDED_AVAILABILITY = YES_AGGRESSIVE;
				CLANG_WARN_UNREACHABLE_CODE = YES;
				CLANG_WARN__DUPLICATE_METHOD_MATCH = YES;
				COPY_PHASE_STRIP = NO;
				DEBUG_INFORMATION_FORMAT = "dwarf-with-dsym";
				ENABLE_NS_ASSERTIONS = NO;
				ENABLE_STRICT_OBJC_MSGSEND = YES;
				GCC_C_LANGUAGE_STANDARD = gnu11;
				GCC_NO_COMMON_BLOCKS = YES;
				GCC_WARN_64_TO_32_BIT_CONVERSION = YES;
				GCC_WARN_ABOUT_RETURN_TYPE = YES_ERROR;
				GCC_WARN_UNDECLARED_SELECTOR = YES;
				GCC_WARN_UNINITIALIZED_AUTOS = YES_AGGRESSIVE;
				GCC_WARN_UNUSED_FUNCTION = YES;
				GCC_WARN_UNUSED_VARIABLE = YES;
				IPHONEOS_DEPLOYMENT_TARGET = 16.0;
				MTL_ENABLE_DEBUG_INFO = NO;
				MTL_FAST_MATH = YES;
				SDKROOT = iphoneos;
				SWIFT_COMPILATION_MODE = wholemodule;
				SWIFT_OPTIMIZATION_LEVEL = "-O";
				VALIDATE_PRODUCT = YES;
			};
			name = Release;
		};
		C801938428D2AFC500DD4F77 /* Debug */ = {
			isa = XCBuildConfiguration;
			baseConfigurationReference = 4B1D5CAEF9AFA5E1852D0C42 /* Pods-Flix.debug.xcconfig */;
			buildSettings = {
				ASSETCATALOG_COMPILER_APPICON_NAME = AppIcon;
				ASSETCATALOG_COMPILER_GLOBAL_ACCENT_COLOR_NAME = AccentColor;
				CODE_SIGN_STYLE = Automatic;
				CURRENT_PROJECT_VERSION = 1;
				DEVELOPMENT_TEAM = 845SA4Q3SA;
				GENERATE_INFOPLIST_FILE = YES;
				INFOPLIST_FILE = Flix/Info.plist;
				INFOPLIST_KEY_UIApplicationSupportsIndirectInputEvents = YES;
				INFOPLIST_KEY_UILaunchStoryboardName = LaunchScreen;
				INFOPLIST_KEY_UIMainStoryboardFile = Main;
				INFOPLIST_KEY_UISupportedInterfaceOrientations_iPad = "UIInterfaceOrientationPortrait UIInterfaceOrientationPortraitUpsideDown UIInterfaceOrientationLandscapeLeft UIInterfaceOrientationLandscapeRight";
				INFOPLIST_KEY_UISupportedInterfaceOrientations_iPhone = "UIInterfaceOrientationPortrait UIInterfaceOrientationLandscapeLeft UIInterfaceOrientationLandscapeRight";
				LD_RUNPATH_SEARCH_PATHS = (
					"$(inherited)",
					"@executable_path/Frameworks",
				);
				MARKETING_VERSION = 1.0;
				PRODUCT_BUNDLE_IDENTIFIER = com.codepath.Flix;
				PRODUCT_NAME = "$(TARGET_NAME)";
				SWIFT_EMIT_LOC_STRINGS = YES;
				SWIFT_VERSION = 5.0;
				TARGETED_DEVICE_FAMILY = "1,2";
			};
			name = Debug;
		};
		C801938528D2AFC500DD4F77 /* Release */ = {
			isa = XCBuildConfiguration;
			baseConfigurationReference = DD238A6C584CFC27DAE6F8FD /* Pods-Flix.release.xcconfig */;
			buildSettings = {
				ASSETCATALOG_COMPILER_APPICON_NAME = AppIcon;
				ASSETCATALOG_COMPILER_GLOBAL_ACCENT_COLOR_NAME = AccentColor;
				CODE_SIGN_STYLE = Automatic;
				CURRENT_PROJECT_VERSION = 1;
				DEVELOPMENT_TEAM = 845SA4Q3SA;
				GENERATE_INFOPLIST_FILE = YES;
				INFOPLIST_FILE = Flix/Info.plist;
				INFOPLIST_KEY_UIApplicationSupportsIndirectInputEvents = YES;
				INFOPLIST_KEY_UILaunchStoryboardName = LaunchScreen;
				INFOPLIST_KEY_UIMainStoryboardFile = Main;
				INFOPLIST_KEY_UISupportedInterfaceOrientations_iPad = "UIInterfaceOrientationPortrait UIInterfaceOrientationPortraitUpsideDown UIInterfaceOrientationLandscapeLeft UIInterfaceOrientationLandscapeRight";
				INFOPLIST_KEY_UISupportedInterfaceOrientations_iPhone = "UIInterfaceOrientationPortrait UIInterfaceOrientationLandscapeLeft UIInterfaceOrientationLandscapeRight";
				LD_RUNPATH_SEARCH_PATHS = (
					"$(inherited)",
					"@executable_path/Frameworks",
				);
				MARKETING_VERSION = 1.0;
				PRODUCT_BUNDLE_IDENTIFIER = com.codepath.Flix;
				PRODUCT_NAME = "$(TARGET_NAME)";
				SWIFT_EMIT_LOC_STRINGS = YES;
				SWIFT_VERSION = 5.0;
				TARGETED_DEVICE_FAMILY = "1,2";
			};
			name = Release;
		};
		C801938728D2AFC500DD4F77 /* Debug */ = {
			isa = XCBuildConfiguration;
			baseConfigurationReference = 67A87FCACBD020657E7181D5 /* Pods-FlixTests.debug.xcconfig */;
			buildSettings = {
				ALWAYS_EMBED_SWIFT_STANDARD_LIBRARIES = YES;
				BUNDLE_LOADER = "$(TEST_HOST)";
				CODE_SIGN_STYLE = Automatic;
				CURRENT_PROJECT_VERSION = 1;
				DEVELOPMENT_TEAM = 845SA4Q3SA;
				GENERATE_INFOPLIST_FILE = YES;
				IPHONEOS_DEPLOYMENT_TARGET = 16.0;
				MARKETING_VERSION = 1.0;
				PRODUCT_BUNDLE_IDENTIFIER = com.codepath.FlixTests;
				PRODUCT_NAME = "$(TARGET_NAME)";
				SWIFT_EMIT_LOC_STRINGS = NO;
				SWIFT_VERSION = 5.0;
				TARGETED_DEVICE_FAMILY = "1,2";
				TEST_HOST = "$(BUILT_PRODUCTS_DIR)/Flix.app/$(BUNDLE_EXECUTABLE_FOLDER_PATH)/Flix";
			};
			name = Debug;
		};
		C801938828D2AFC500DD4F77 /* Release */ = {
			isa = XCBuildConfiguration;
			baseConfigurationReference = 0BC9D0FE0C1449C0AD2EAA93 /* Pods-FlixTests.release.xcconfig */;
			buildSettings = {
				ALWAYS_EMBED_SWIFT_STANDARD_LIBRARIES = YES;
				BUNDLE_LOADER = "$(TEST_HOST)";
				CODE_SIGN_STYLE = Automatic;
				CURRENT_PROJECT_VERSION = 1;
				DEVELOPMENT_TEAM = 845SA4Q3SA;
				GENERATE_INFOPLIST_FILE = YES;
				IPHONEOS_DEPLOYMENT_TARGET = 16.0;
				MARKETING_VERSION = 1.0;
				PRODUCT_BUNDLE_IDENTIFIER = com.codepath.FlixTests;
				PRODUCT_NAME = "$(TARGET_NAME)";
				SWIFT_EMIT_LOC_STRINGS = NO;
				SWIFT_VERSION = 5.0;
				TARGETED_DEVICE_FAMILY = "1,2";
				TEST_HOST = "$(BUILT_PRODUCTS_DIR)/Flix.app/$(BUNDLE_EXECUTABLE_FOLDER_PATH)/Flix";
			};
			name = Release;
		};
		C801938A28D2AFC500DD4F77 /* Debug */ = {
			isa = XCBuildConfiguration;
			baseConfigurationReference = 801B45C94F6638B8195AEDB9 /* Pods-Flix-FlixUITests.debug.xcconfig */;
			buildSettings = {
				ALWAYS_EMBED_SWIFT_STANDARD_LIBRARIES = YES;
				CODE_SIGN_STYLE = Automatic;
				CURRENT_PROJECT_VERSION = 1;
				DEVELOPMENT_TEAM = 845SA4Q3SA;
				GENERATE_INFOPLIST_FILE = YES;
				MARKETING_VERSION = 1.0;
				PRODUCT_BUNDLE_IDENTIFIER = com.codepath.FlixUITests;
				PRODUCT_NAME = "$(TARGET_NAME)";
				SWIFT_EMIT_LOC_STRINGS = NO;
				SWIFT_VERSION = 5.0;
				TARGETED_DEVICE_FAMILY = "1,2";
				TEST_TARGET_NAME = Flix;
			};
			name = Debug;
		};
		C801938B28D2AFC500DD4F77 /* Release */ = {
			isa = XCBuildConfiguration;
			baseConfigurationReference = 56462D10D6B44875A3CD74EE /* Pods-Flix-FlixUITests.release.xcconfig */;
			buildSettings = {
				ALWAYS_EMBED_SWIFT_STANDARD_LIBRARIES = YES;
				CODE_SIGN_STYLE = Automatic;
				CURRENT_PROJECT_VERSION = 1;
				DEVELOPMENT_TEAM = 845SA4Q3SA;
				GENERATE_INFOPLIST_FILE = YES;
				MARKETING_VERSION = 1.0;
				PRODUCT_BUNDLE_IDENTIFIER = com.codepath.FlixUITests;
				PRODUCT_NAME = "$(TARGET_NAME)";
				SWIFT_EMIT_LOC_STRINGS = NO;
				SWIFT_VERSION = 5.0;
				TARGETED_DEVICE_FAMILY = "1,2";
				TEST_TARGET_NAME = Flix;
			};
			name = Release;
		};
/* End XCBuildConfiguration section */

/* Begin XCConfigurationList section */
		C801935428D2AFC400DD4F77 /* Build configuration list for PBXProject "Flix" */ = {
			isa = XCConfigurationList;
			buildConfigurations = (
				C801938128D2AFC500DD4F77 /* Debug */,
				C801938228D2AFC500DD4F77 /* Release */,
			);
			defaultConfigurationIsVisible = 0;
			defaultConfigurationName = Release;
		};
		C801938328D2AFC500DD4F77 /* Build configuration list for PBXNativeTarget "Flix" */ = {
			isa = XCConfigurationList;
			buildConfigurations = (
				C801938428D2AFC500DD4F77 /* Debug */,
				C801938528D2AFC500DD4F77 /* Release */,
			);
			defaultConfigurationIsVisible = 0;
			defaultConfigurationName = Release;
		};
		C801938628D2AFC500DD4F77 /* Build configuration list for PBXNativeTarget "FlixTests" */ = {
			isa = XCConfigurationList;
			buildConfigurations = (
				C801938728D2AFC500DD4F77 /* Debug */,
				C801938828D2AFC500DD4F77 /* Release */,
			);
			defaultConfigurationIsVisible = 0;
			defaultConfigurationName = Release;
		};
		C801938928D2AFC500DD4F77 /* Build configuration list for PBXNativeTarget "FlixUITests" */ = {
			isa = XCConfigurationList;
			buildConfigurations = (
				C801938A28D2AFC500DD4F77 /* Debug */,
				C801938B28D2AFC500DD4F77 /* Release */,
			);
			defaultConfigurationIsVisible = 0;
			defaultConfigurationName = Release;
		};
/* End XCConfigurationList section */

/* Begin XCRemoteSwiftPackageReference section */
		C801939028D3F8A700DD4F77 /* XCRemoteSwiftPackageReference "AlamofireImage" */ = {
			isa = XCRemoteSwiftPackageReference;
			repositoryURL = "https://github.com/Alamofire/AlamofireImage";
			requirement = {
				kind = upToNextMajorVersion;
				minimumVersion = 4.0.0;
			};
		};
/* End XCRemoteSwiftPackageReference section */

/* Begin XCSwiftPackageProductDependency section */
		C801939128D3F8A700DD4F77 /* AlamofireImage */ = {
			isa = XCSwiftPackageProductDependency;
			package = C801939028D3F8A700DD4F77 /* XCRemoteSwiftPackageReference "AlamofireImage" */;
			productName = AlamofireImage;
		};
/* End XCSwiftPackageProductDependency section */
	};
	rootObject = C801935128D2AFC400DD4F77 /* Project object */;
}
